
Microsoft Visual Studio Solution File, Format Version 12.00
# Visual Studio Version 17
VisualStudioVersion = 17.7.34202.233
MinimumVisualStudioVersion = 10.0.40219.1
Project("{FAE04EC0-301F-11D3-BF4B-00C04F79EFBC}") = "Web_API_Lecture", "Web_API_Lecture.csproj", "{EDBFB435-5EDC-4DEC-8F2C-2F21BFF4766B}"
EndProject
Global
	GlobalSection(SolutionConfigurationPlatforms) = preSolution
		Debug|Any CPU = Debug|Any CPU
		Release|Any CPU = Release|Any CPU
	EndGlobalSection
	GlobalSection(ProjectConfigurationPlatforms) = postSolution
		{EDBFB435-5EDC-4DEC-8F2C-2F21BFF4766B}.Debug|Any CPU.ActiveCfg = Debug|Any CPU
		{EDBFB435-5EDC-4DEC-8F2C-2F21BFF4766B}.Debug|Any CPU.Build.0 = Debug|Any CPU
		{EDBFB435-5EDC-4DEC-8F2C-2F21BFF4766B}.Release|Any CPU.ActiveCfg = Release|Any CPU
		{EDBFB435-5EDC-4DEC-8F2C-2F21BFF4766B}.Release|Any CPU.Build.0 = Release|Any CPU
	EndGlobalSection
	GlobalSection(SolutionProperties) = preSolution
		HideSolutionNode = FALSE
	EndGlobalSection
	GlobalSection(ExtensibilityGlobals) = postSolution
		SolutionGuid = {E21D6A9A-CC33-4B92-976C-362AF8F93AB4}
	EndGlobalSection
EndGlobal
